{
  "requires": true,
  "lockfileVersion": 1,
  "dependencies": {
    "d3-selection": {
      "version": "1.4.2",
      "resolved": "https://registry.npmjs.org/d3-selection/-/d3-selection-1.4.2.tgz",
      "integrity": "sha512-SJ0BqYihzOjDnnlfyeHT0e30k0K1+5sR3d5fNueCNeuhZTnGw4M4o8mqJchSwgKMXCNFo+e2VTChiSJ0vYtXkg=="
    },
    "intersection-observer": {
      "version": "0.12.0",
      "resolved": "https://registry.npmjs.org/intersection-observer/-/intersection-observer-0.12.0.tgz",
      "integrity": "sha512-2Vkz8z46Dv401zTWudDGwO7KiGHNDkMv417T5ItcNYfmvHR/1qCTVBO9vwH8zZmQ0WkA/1ARwpysR9bsnop4NQ=="
    },
    "scrollama": {
      "version": "2.2.2",
      "resolved": "https://registry.npmjs.org/scrollama/-/scrollama-2.2.2.tgz",
      "integrity": "sha512-ZU5uuiHRhtomdgdSwwv0ThSPnjeO5WAmBrlNEc/DowdPN/wewro4zvpOpEFr0FakhvvujxA1IskJCn9rFbEz1g=="
    }
  }
}
